{
  "version": 4,
  "terraform_version": "1.10.5",
  "serial": 659,
  "lineage": "db8e6be7-ce0e-01f7-ae86-643e31c6e801",
  "outputs": {},
  "resources": [
    {
      "module": "module.azurerm_backend_subnet",
      "mode": "managed",
      "type": "azurerm_subnet",
      "name": "subnet",
      "provider": "provider[\"registry.terraform.io/hashicorp/azurerm\"]",
      "instances": [
        {
          "schema_version": 0,
          "attributes": {
            "address_prefixes": [
              "10.0.2.0/24"
            ],
            "default_outbound_access_enabled": true,
            "delegation": [],
            "id": "/subscriptions/8888575e-1be3-4d16-8500-ee8a4a1b570c/resourceGroups/todo_app_rg/providers/Microsoft.Network/virtualNetworks/todoapp_vnet/subnets/backend-subnet",
            "name": "backend-subnet",
            "private_endpoint_network_policies": "Disabled",
            "private_link_service_network_policies_enabled": true,
            "resource_group_name": "todo_app_rg",
            "service_endpoint_policy_ids": null,
            "service_endpoints": null,
            "timeouts": null,
            "virtual_network_name": "todoapp_vnet"
          },
          "sensitive_attributes": [],
          "private": "eyJlMmJmYjczMC1lY2FhLTExZTYtOGY4OC0zNDM2M2JjN2M0YzAiOnsiY3JlYXRlIjoxODAwMDAwMDAwMDAwLCJkZWxldGUiOjE4MDAwMDAwMDAwMDAsInJlYWQiOjMwMDAwMDAwMDAwMCwidXBkYXRlIjoxODAwMDAwMDAwMDAwfX0=",
          "dependencies": [
            "module.azurerm_resource_group.azurerm_resource_group.RG",
            "module.azurerm_virtual_network.azurerm_virtual_network.VNet"
          ]
        }
      ]
    },
    {
      "module": "module.azurerm_frontend_subnet",
      "mode": "managed",
      "type": "azurerm_subnet",
      "name": "subnet",
      "provider": "provider[\"registry.terraform.io/hashicorp/azurerm\"]",
      "instances": [
        {
          "schema_version": 0,
          "attributes": {
            "address_prefixes": [
              "10.0.1.0/24"
            ],
            "default_outbound_access_enabled": true,
            "delegation": [],
            "id": "/subscriptions/8888575e-1be3-4d16-8500-ee8a4a1b570c/resourceGroups/todo_app_rg/providers/Microsoft.Network/virtualNetworks/todoapp_vnet/subnets/frontend-subnet",
            "name": "frontend-subnet",
            "private_endpoint_network_policies": "Disabled",
            "private_link_service_network_policies_enabled": true,
            "resource_group_name": "todo_app_rg",
            "service_endpoint_policy_ids": null,
            "service_endpoints": null,
            "timeouts": null,
            "virtual_network_name": "todoapp_vnet"
          },
          "sensitive_attributes": [],
          "private": "eyJlMmJmYjczMC1lY2FhLTExZTYtOGY4OC0zNDM2M2JjN2M0YzAiOnsiY3JlYXRlIjoxODAwMDAwMDAwMDAwLCJkZWxldGUiOjE4MDAwMDAwMDAwMDAsInJlYWQiOjMwMDAwMDAwMDAwMCwidXBkYXRlIjoxODAwMDAwMDAwMDAwfX0=",
          "dependencies": [
            "module.azurerm_resource_group.azurerm_resource_group.RG",
            "module.azurerm_virtual_network.azurerm_virtual_network.VNet"
          ]
        }
      ]
    },
    {
      "module": "module.azurerm_resource_group",
      "mode": "managed",
      "type": "azurerm_resource_group",
      "name": "RG",
      "provider": "provider[\"registry.terraform.io/hashicorp/azurerm\"]",
      "instances": [
        {
          "schema_version": 0,
          "attributes": {
            "id": "/subscriptions/8888575e-1be3-4d16-8500-ee8a4a1b570c/resourceGroups/todo_app_rg",
            "location": "westus",
            "managed_by": "",
            "name": "todo_app_rg",
            "tags": null,
            "timeouts": null
          },
          "sensitive_attributes": [],
          "private": "eyJlMmJmYjczMC1lY2FhLTExZTYtOGY4OC0zNDM2M2JjN2M0YzAiOnsiY3JlYXRlIjo1NDAwMDAwMDAwMDAwLCJkZWxldGUiOjU0MDAwMDAwMDAwMDAsInJlYWQiOjMwMDAwMDAwMDAwMCwidXBkYXRlIjo1NDAwMDAwMDAwMDAwfX0="
        }
      ]
    },
    {
      "module": "module.azurerm_virtual_network",
      "mode": "managed",
      "type": "azurerm_virtual_network",
      "name": "VNet",
      "provider": "provider[\"registry.terraform.io/hashicorp/azurerm\"]",
      "instances": [
        {
          "schema_version": 0,
          "attributes": {
            "address_space": [
              "10.0.0.0/16"
            ],
            "bgp_community": "",
            "ddos_protection_plan": [],
            "dns_servers": [],
            "edge_zone": "",
            "encryption": [],
            "flow_timeout_in_minutes": 0,
            "guid": "71f17a68-6c3a-4d51-a37c-b4c9e2836745",
            "id": "/subscriptions/8888575e-1be3-4d16-8500-ee8a4a1b570c/resourceGroups/todo_app_rg/providers/Microsoft.Network/virtualNetworks/todoapp_vnet",
            "ip_address_pool": [],
            "location": "westus",
            "name": "todoapp_vnet",
            "private_endpoint_vnet_policies": "Disabled",
            "resource_group_name": "todo_app_rg",
            "subnet": [],
            "tags": null,
            "timeouts": null
          },
          "sensitive_attributes": [],
          "private": "eyJlMmJmYjczMC1lY2FhLTExZTYtOGY4OC0zNDM2M2JjN2M0YzAiOnsiY3JlYXRlIjoxODAwMDAwMDAwMDAwLCJkZWxldGUiOjE4MDAwMDAwMDAwMDAsInJlYWQiOjMwMDAwMDAwMDAwMCwidXBkYXRlIjoxODAwMDAwMDAwMDAwfX0=",
          "dependencies": [
            "module.azurerm_resource_group.azurerm_resource_group.RG"
          ]
        }
      ]
    },
    {
      "module": "module.backend_public_ip",
      "mode": "managed",
      "type": "azurerm_public_ip",
      "name": "pip",
      "provider": "provider[\"registry.terraform.io/hashicorp/azurerm\"]",
      "instances": [
        {
          "schema_version": 0,
          "attributes": {
            "allocation_method": "Static",
            "ddos_protection_mode": "VirtualNetworkInherited",
            "ddos_protection_plan_id": null,
            "domain_name_label": null,
            "domain_name_label_scope": null,
            "edge_zone": "",
            "fqdn": null,
            "id": "/subscriptions/8888575e-1be3-4d16-8500-ee8a4a1b570c/resourceGroups/todo_app_rg/providers/Microsoft.Network/publicIPAddresses/backend_pip",
            "idle_timeout_in_minutes": 4,
            "ip_address": "104.42.15.116",
            "ip_tags": null,
            "ip_version": "IPv4",
            "location": "westus",
            "name": "backend_pip",
            "public_ip_prefix_id": null,
            "resource_group_name": "todo_app_rg",
            "reverse_fqdn": null,
            "sku": "Basic",
            "sku_tier": "Regional",
            "tags": null,
            "timeouts": null,
            "zones": null
          },
          "sensitive_attributes": [],
          "private": "eyJlMmJmYjczMC1lY2FhLTExZTYtOGY4OC0zNDM2M2JjN2M0YzAiOnsiY3JlYXRlIjoxODAwMDAwMDAwMDAwLCJkZWxldGUiOjE4MDAwMDAwMDAwMDAsInJlYWQiOjMwMDAwMDAwMDAwMCwidXBkYXRlIjoxODAwMDAwMDAwMDAwfX0=",
          "dependencies": [
            "module.azurerm_resource_group.azurerm_resource_group.RG",
            "module.azurerm_virtual_network.azurerm_virtual_network.VNet"
          ]
        }
      ]
    },
    {
      "module": "module.backend_vm",
      "mode": "data",
      "type": "azurerm_key_vault",
      "name": "kv",
      "provider": "provider[\"registry.terraform.io/hashicorp/azurerm\"]",
      "instances": [
        {
          "schema_version": 0,
          "attributes": {
            "access_policy": [
              {
                "application_id": "",
                "certificate_permissions": [],
                "key_permissions": [
                  "Get"
                ],
                "object_id": "eae0c34f-fb40-4405-b7ed-fdcfc3a9843b",
                "secret_permissions": [
                  "Get",
                  "Set",
                  "Delete",
                  "Purge"
                ],
                "storage_permissions": [
                  "Get"
                ],
                "tenant_id": "2001410f-fb16-42de-96cd-9ad24b6c613e"
              }
            ],
            "enable_rbac_authorization": false,
            "enabled_for_deployment": false,
            "enabled_for_disk_encryption": true,
            "enabled_for_template_deployment": false,
            "id": "/subscriptions/8888575e-1be3-4d16-8500-ee8a4a1b570c/resourceGroups/todo_app_rg/providers/Microsoft.KeyVault/vaults/todoappKV",
            "location": "westus",
            "name": "todoappKV",
            "network_acls": [],
            "public_network_access_enabled": true,
            "purge_protection_enabled": false,
            "resource_group_name": "todo_app_rg",
            "sku_name": "standard",
            "tags": {},
            "tenant_id": "2001410f-fb16-42de-96cd-9ad24b6c613e",
            "timeouts": null,
            "vault_uri": "https://todoappkv.vault.azure.net/"
          },
          "sensitive_attributes": []
        }
      ]
    },
    {
      "module": "module.backend_vm",
      "mode": "data",
      "type": "azurerm_key_vault_secret",
      "name": "secret_password",
      "provider": "provider[\"registry.terraform.io/hashicorp/azurerm\"]",
      "instances": [
        {
          "schema_version": 0,
          "attributes": {
            "content_type": "",
            "expiration_date": null,
            "id": "https://todoappkv.vault.azure.net/secrets/vm-password/e4db3b2b52f34e39b5729d7fa44446ab",
            "key_vault_id": "/subscriptions/8888575e-1be3-4d16-8500-ee8a4a1b570c/resourceGroups/todo_app_rg/providers/Microsoft.KeyVault/vaults/todoappKV",
            "name": "vm-password",
            "not_before_date": null,
            "resource_id": "/subscriptions/8888575e-1be3-4d16-8500-ee8a4a1b570c/resourceGroups/todo_app_rg/providers/Microsoft.KeyVault/vaults/todoappKV/secrets/vm-password/versions/e4db3b2b52f34e39b5729d7fa44446ab",
            "resource_versionless_id": "/subscriptions/8888575e-1be3-4d16-8500-ee8a4a1b570c/resourceGroups/todo_app_rg/providers/Microsoft.KeyVault/vaults/todoappKV/secrets/vm-password",
            "tags": {},
            "timeouts": null,
            "value": "Dummy@12345",
            "version": "e4db3b2b52f34e39b5729d7fa44446ab",
            "versionless_id": "https://todoappkv.vault.azure.net/secrets/vm-password"
          },
          "sensitive_attributes": [
            [
              {
                "type": "get_attr",
                "value": "value"
              }
            ]
          ]
        }
      ]
    },
    {
      "module": "module.backend_vm",
      "mode": "data",
      "type": "azurerm_key_vault_secret",
      "name": "secret_username",
      "provider": "provider[\"registry.terraform.io/hashicorp/azurerm\"]",
      "instances": [
        {
          "schema_version": 0,
          "attributes": {
            "content_type": "",
            "expiration_date": null,
            "id": "https://todoappkv.vault.azure.net/secrets/vm-username/309ae1f381d94a8b8996470b8decfe7e",
            "key_vault_id": "/subscriptions/8888575e-1be3-4d16-8500-ee8a4a1b570c/resourceGroups/todo_app_rg/providers/Microsoft.KeyVault/vaults/todoappKV",
            "name": "vm-username",
            "not_before_date": null,
            "resource_id": "/subscriptions/8888575e-1be3-4d16-8500-ee8a4a1b570c/resourceGroups/todo_app_rg/providers/Microsoft.KeyVault/vaults/todoappKV/secrets/vm-username/versions/309ae1f381d94a8b8996470b8decfe7e",
            "resource_versionless_id": "/subscriptions/8888575e-1be3-4d16-8500-ee8a4a1b570c/resourceGroups/todo_app_rg/providers/Microsoft.KeyVault/vaults/todoappKV/secrets/vm-username",
            "tags": {},
            "timeouts": null,
            "value": "dummyuser",
            "version": "309ae1f381d94a8b8996470b8decfe7e",
            "versionless_id": "https://todoappkv.vault.azure.net/secrets/vm-username"
          },
          "sensitive_attributes": [
            [
              {
                "type": "get_attr",
                "value": "value"
              }
            ]
          ]
        }
      ]
    },
    {
      "module": "module.backend_vm",
      "mode": "data",
      "type": "azurerm_public_ip",
      "name": "pip",
      "provider": "provider[\"registry.terraform.io/hashicorp/azurerm\"]",
      "instances": [
        {
          "schema_version": 0,
          "attributes": {
            "allocation_method": "Static",
            "ddos_protection_mode": "VirtualNetworkInherited",
            "ddos_protection_plan_id": null,
            "domain_name_label": "",
            "fqdn": "",
            "id": "/subscriptions/8888575e-1be3-4d16-8500-ee8a4a1b570c/resourceGroups/todo_app_rg/providers/Microsoft.Network/publicIPAddresses/backend_pip",
            "idle_timeout_in_minutes": 4,
            "ip_address": "104.42.15.116",
            "ip_tags": {},
            "ip_version": "IPv4",
            "location": "westus",
            "name": "backend_pip",
            "resource_group_name": "todo_app_rg",
            "reverse_fqdn": "",
            "sku": "Basic",
            "tags": {},
            "timeouts": null,
            "zones": []
          },
          "sensitive_attributes": []
        }
      ]
    },
    {
      "module": "module.backend_vm",
      "mode": "data",
      "type": "azurerm_subnet",
      "name": "subnet",
      "provider": "provider[\"registry.terraform.io/hashicorp/azurerm\"]",
      "instances": [
        {
          "schema_version": 0,
          "attributes": {
            "address_prefix": "10.0.2.0/24",
            "address_prefixes": [
              "10.0.2.0/24"
            ],
            "default_outbound_access_enabled": true,
            "id": "/subscriptions/8888575e-1be3-4d16-8500-ee8a4a1b570c/resourceGroups/todo_app_rg/providers/Microsoft.Network/virtualNetworks/todoapp_vnet/subnets/backend-subnet",
            "name": "backend-subnet",
            "network_security_group_id": "",
            "private_endpoint_network_policies": "Disabled",
            "private_link_service_network_policies_enabled": true,
            "resource_group_name": "todo_app_rg",
            "route_table_id": "",
            "service_endpoints": [],
            "timeouts": null,
            "virtual_network_name": "todoapp_vnet"
          },
          "sensitive_attributes": []
        }
      ]
    },
    {
      "module": "module.backend_vm",
      "mode": "managed",
      "type": "azurerm_linux_virtual_machine",
      "name": "VM",
      "provider": "provider[\"registry.terraform.io/hashicorp/azurerm\"]",
      "instances": [
        {
          "schema_version": 0,
          "attributes": {
            "additional_capabilities": [],
            "admin_password": "Dummy@12345",
            "admin_ssh_key": [],
            "admin_username": "dummyuser",
            "allow_extension_operations": true,
            "availability_set_id": "",
            "boot_diagnostics": [],
            "bypass_platform_safety_checks_on_user_schedule_enabled": false,
            "capacity_reservation_group_id": "",
            "computer_name": "todoBackendVM",
            "custom_data": null,
            "dedicated_host_group_id": "",
            "dedicated_host_id": "",
            "disable_password_authentication": false,
            "disk_controller_type": "",
            "edge_zone": "",
            "encryption_at_host_enabled": false,
            "eviction_policy": "",
            "extensions_time_budget": "PT1H30M",
            "gallery_application": [],
            "id": "/subscriptions/8888575e-1be3-4d16-8500-ee8a4a1b570c/resourceGroups/todo_app_rg/providers/Microsoft.Compute/virtualMachines/todoBackendVM",
            "identity": [],
            "license_type": "",
            "location": "westus",
            "max_bid_price": -1,
            "name": "todoBackendVM",
            "network_interface_ids": [
              "/subscriptions/8888575e-1be3-4d16-8500-ee8a4a1b570c/resourceGroups/todo_app_rg/providers/Microsoft.Network/networkInterfaces/backend_nic"
            ],
            "os_disk": [
              {
                "caching": "ReadWrite",
                "diff_disk_settings": [],
                "disk_encryption_set_id": "",
                "disk_size_gb": 30,
                "id": "/subscriptions/8888575e-1be3-4d16-8500-ee8a4a1b570c/resourceGroups/todo_app_rg/providers/Microsoft.Compute/disks/todoBackendVM_disk1_db47a4bd5b164d6a8486c21987586971",
                "name": "todoBackendVM_disk1_db47a4bd5b164d6a8486c21987586971",
                "secure_vm_disk_encryption_set_id": "",
                "security_encryption_type": "",
                "storage_account_type": "Standard_LRS",
                "write_accelerator_enabled": false
              }
            ],
            "os_image_notification": [],
            "patch_assessment_mode": "ImageDefault",
            "patch_mode": "ImageDefault",
            "plan": [],
            "platform_fault_domain": -1,
            "priority": "Regular",
            "private_ip_address": "10.0.2.4",
            "private_ip_addresses": [
              "10.0.2.4"
            ],
            "provision_vm_agent": true,
            "proximity_placement_group_id": "",
            "public_ip_address": "104.42.15.116",
            "public_ip_addresses": [
              "104.42.15.116"
            ],
            "reboot_setting": "",
            "resource_group_name": "todo_app_rg",
            "secret": [],
            "secure_boot_enabled": false,
            "size": "Standard_F2",
            "source_image_id": "",
            "source_image_reference": [
              {
                "offer": "0001-com-ubuntu-server-focal",
                "publisher": "Canonical",
                "sku": "20_04-lts",
                "version": "latest"
              }
            ],
            "tags": null,
            "termination_notification": null,
            "timeouts": null,
            "user_data": "",
            "virtual_machine_id": "79783d32-f2d3-415a-ae12-9f1ab6e8803f",
            "virtual_machine_scale_set_id": "",
            "vm_agent_platform_updates_enabled": false,
            "vtpm_enabled": false,
            "zone": ""
          },
          "sensitive_attributes": [
            [
              {
                "type": "get_attr",
                "value": "admin_username"
              }
            ],
            [
              {
                "type": "get_attr",
                "value": "admin_password"
              }
            ],
            [
              {
                "type": "get_attr",
                "value": "custom_data"
              }
            ]
          ],
          "private": "eyJlMmJmYjczMC1lY2FhLTExZTYtOGY4OC0zNDM2M2JjN2M0YzAiOnsiY3JlYXRlIjoyNzAwMDAwMDAwMDAwLCJkZWxldGUiOjI3MDAwMDAwMDAwMDAsInJlYWQiOjMwMDAwMDAwMDAwMCwidXBkYXRlIjoyNzAwMDAwMDAwMDAwfX0=",
          "dependencies": [
            "module.azurerm_backend_subnet.azurerm_subnet.subnet",
            "module.azurerm_resource_group.azurerm_resource_group.RG",
            "module.azurerm_virtual_network.azurerm_virtual_network.VNet",
            "module.backend_public_ip.azurerm_public_ip.pip",
            "module.backend_vm.azurerm_network_interface.nic",
            "module.backend_vm.data.azurerm_key_vault.kv",
            "module.backend_vm.data.azurerm_key_vault_secret.secret_password",
            "module.backend_vm.data.azurerm_key_vault_secret.secret_username",
            "module.backend_vm.data.azurerm_public_ip.pip",
            "module.backend_vm.data.azurerm_subnet.subnet",
            "module.key_vault.azurerm_key_vault.kv",
            "module.key_vault.data.azurerm_client_config.current",
            "module.vm_password_secret.azurerm_key_vault_secret.secret",
            "module.vm_password_secret.data.azurerm_key_vault.kv",
            "module.vm_username_secret.azurerm_key_vault_secret.secret",
            "module.vm_username_secret.data.azurerm_key_vault.kv"
          ]
        }
      ]
    },
    {
      "module": "module.backend_vm",
      "mode": "managed",
      "type": "azurerm_network_interface",
      "name": "nic",
      "provider": "provider[\"registry.terraform.io/hashicorp/azurerm\"]",
      "instances": [
        {
          "schema_version": 0,
          "attributes": {
            "accelerated_networking_enabled": false,
            "applied_dns_servers": [],
            "auxiliary_mode": "",
            "auxiliary_sku": "",
            "dns_servers": null,
            "edge_zone": "",
            "id": "/subscriptions/8888575e-1be3-4d16-8500-ee8a4a1b570c/resourceGroups/todo_app_rg/providers/Microsoft.Network/networkInterfaces/backend_nic",
            "internal_dns_name_label": "",
            "internal_domain_name_suffix": "nb3pc2j0nriu1i12wte4fa1hif.dx.internal.cloudapp.net",
            "ip_configuration": [
              {
                "gateway_load_balancer_frontend_ip_configuration_id": "",
                "name": "backend_ip",
                "primary": true,
                "private_ip_address": "10.0.2.4",
                "private_ip_address_allocation": "Dynamic",
                "private_ip_address_version": "IPv4",
                "public_ip_address_id": "/subscriptions/8888575e-1be3-4d16-8500-ee8a4a1b570c/resourceGroups/todo_app_rg/providers/Microsoft.Network/publicIPAddresses/backend_pip",
                "subnet_id": "/subscriptions/8888575e-1be3-4d16-8500-ee8a4a1b570c/resourceGroups/todo_app_rg/providers/Microsoft.Network/virtualNetworks/todoapp_vnet/subnets/backend-subnet"
              }
            ],
            "ip_forwarding_enabled": false,
            "location": "westus",
            "mac_address": "",
            "name": "backend_nic",
            "private_ip_address": "10.0.2.4",
            "private_ip_addresses": [
              "10.0.2.4"
            ],
            "resource_group_name": "todo_app_rg",
            "tags": null,
            "timeouts": null,
            "virtual_machine_id": ""
          },
          "sensitive_attributes": [],
          "private": "eyJlMmJmYjczMC1lY2FhLTExZTYtOGY4OC0zNDM2M2JjN2M0YzAiOnsiY3JlYXRlIjoxODAwMDAwMDAwMDAwLCJkZWxldGUiOjE4MDAwMDAwMDAwMDAsInJlYWQiOjMwMDAwMDAwMDAwMCwidXBkYXRlIjoxODAwMDAwMDAwMDAwfX0=",
          "dependencies": [
            "module.azurerm_backend_subnet.azurerm_subnet.subnet",
            "module.azurerm_resource_group.azurerm_resource_group.RG",
            "module.azurerm_virtual_network.azurerm_virtual_network.VNet",
            "module.backend_public_ip.azurerm_public_ip.pip",
            "module.backend_vm.data.azurerm_public_ip.pip",
            "module.backend_vm.data.azurerm_subnet.subnet",
            "module.key_vault.azurerm_key_vault.kv",
            "module.key_vault.data.azurerm_client_config.current",
            "module.vm_password_secret.azurerm_key_vault_secret.secret",
            "module.vm_password_secret.data.azurerm_key_vault.kv",
            "module.vm_username_secret.azurerm_key_vault_secret.secret",
            "module.vm_username_secret.data.azurerm_key_vault.kv"
          ]
        }
      ]
    },
    {
      "module": "module.frontend_public_ip",
      "mode": "managed",
      "type": "azurerm_public_ip",
      "name": "pip",
      "provider": "provider[\"registry.terraform.io/hashicorp/azurerm\"]",
      "instances": [
        {
          "schema_version": 0,
          "attributes": {
            "allocation_method": "Static",
            "ddos_protection_mode": "VirtualNetworkInherited",
            "ddos_protection_plan_id": null,
            "domain_name_label": null,
            "domain_name_label_scope": null,
            "edge_zone": "",
            "fqdn": null,
            "id": "/subscriptions/8888575e-1be3-4d16-8500-ee8a4a1b570c/resourceGroups/todo_app_rg/providers/Microsoft.Network/publicIPAddresses/frontend_pip",
            "idle_timeout_in_minutes": 4,
            "ip_address": "104.42.4.16",
            "ip_tags": null,
            "ip_version": "IPv4",
            "location": "westus",
            "name": "frontend_pip",
            "public_ip_prefix_id": null,
            "resource_group_name": "todo_app_rg",
            "reverse_fqdn": null,
            "sku": "Basic",
            "sku_tier": "Regional",
            "tags": null,
            "timeouts": null,
            "zones": null
          },
          "sensitive_attributes": [],
          "private": "eyJlMmJmYjczMC1lY2FhLTExZTYtOGY4OC0zNDM2M2JjN2M0YzAiOnsiY3JlYXRlIjoxODAwMDAwMDAwMDAwLCJkZWxldGUiOjE4MDAwMDAwMDAwMDAsInJlYWQiOjMwMDAwMDAwMDAwMCwidXBkYXRlIjoxODAwMDAwMDAwMDAwfX0=",
          "dependencies": [
            "module.azurerm_resource_group.azurerm_resource_group.RG",
            "module.azurerm_virtual_network.azurerm_virtual_network.VNet"
          ]
        }
      ]
    },
    {
      "module": "module.frontend_vm",
      "mode": "data",
      "type": "azurerm_key_vault",
      "name": "kv",
      "provider": "provider[\"registry.terraform.io/hashicorp/azurerm\"]",
      "instances": [
        {
          "schema_version": 0,
          "attributes": {
            "access_policy": [
              {
                "application_id": "",
                "certificate_permissions": [],
                "key_permissions": [
                  "Get"
                ],
                "object_id": "eae0c34f-fb40-4405-b7ed-fdcfc3a9843b",
                "secret_permissions": [
                  "Get",
                  "Set",
                  "Delete",
                  "Purge"
                ],
                "storage_permissions": [
                  "Get"
                ],
                "tenant_id": "2001410f-fb16-42de-96cd-9ad24b6c613e"
              }
            ],
            "enable_rbac_authorization": false,
            "enabled_for_deployment": false,
            "enabled_for_disk_encryption": true,
            "enabled_for_template_deployment": false,
            "id": "/subscriptions/8888575e-1be3-4d16-8500-ee8a4a1b570c/resourceGroups/todo_app_rg/providers/Microsoft.KeyVault/vaults/todoappKV",
            "location": "westus",
            "name": "todoappKV",
            "network_acls": [],
            "public_network_access_enabled": true,
            "purge_protection_enabled": false,
            "resource_group_name": "todo_app_rg",
            "sku_name": "standard",
            "tags": {},
            "tenant_id": "2001410f-fb16-42de-96cd-9ad24b6c613e",
            "timeouts": null,
            "vault_uri": "https://todoappkv.vault.azure.net/"
          },
          "sensitive_attributes": []
        }
      ]
    },
    {
      "module": "module.frontend_vm",
      "mode": "data",
      "type": "azurerm_key_vault_secret",
      "name": "secret_password",
      "provider": "provider[\"registry.terraform.io/hashicorp/azurerm\"]",
      "instances": [
        {
          "schema_version": 0,
          "attributes": {
            "content_type": "",
            "expiration_date": null,
            "id": "https://todoappkv.vault.azure.net/secrets/vm-password/e4db3b2b52f34e39b5729d7fa44446ab",
            "key_vault_id": "/subscriptions/8888575e-1be3-4d16-8500-ee8a4a1b570c/resourceGroups/todo_app_rg/providers/Microsoft.KeyVault/vaults/todoappKV",
            "name": "vm-password",
            "not_before_date": null,
            "resource_id": "/subscriptions/8888575e-1be3-4d16-8500-ee8a4a1b570c/resourceGroups/todo_app_rg/providers/Microsoft.KeyVault/vaults/todoappKV/secrets/vm-password/versions/e4db3b2b52f34e39b5729d7fa44446ab",
            "resource_versionless_id": "/subscriptions/8888575e-1be3-4d16-8500-ee8a4a1b570c/resourceGroups/todo_app_rg/providers/Microsoft.KeyVault/vaults/todoappKV/secrets/vm-password",
            "tags": {},
            "timeouts": null,
            "value": "Dummy@12345",
            "version": "e4db3b2b52f34e39b5729d7fa44446ab",
            "versionless_id": "https://todoappkv.vault.azure.net/secrets/vm-password"
          },
          "sensitive_attributes": [
            [
              {
                "type": "get_attr",
                "value": "value"
              }
            ]
          ]
        }
      ]
    },
    {
      "module": "module.frontend_vm",
      "mode": "data",
      "type": "azurerm_key_vault_secret",
      "name": "secret_username",
      "provider": "provider[\"registry.terraform.io/hashicorp/azurerm\"]",
      "instances": [
        {
          "schema_version": 0,
          "attributes": {
            "content_type": "",
            "expiration_date": null,
            "id": "https://todoappkv.vault.azure.net/secrets/vm-username/309ae1f381d94a8b8996470b8decfe7e",
            "key_vault_id": "/subscriptions/8888575e-1be3-4d16-8500-ee8a4a1b570c/resourceGroups/todo_app_rg/providers/Microsoft.KeyVault/vaults/todoappKV",
            "name": "vm-username",
            "not_before_date": null,
            "resource_id": "/subscriptions/8888575e-1be3-4d16-8500-ee8a4a1b570c/resourceGroups/todo_app_rg/providers/Microsoft.KeyVault/vaults/todoappKV/secrets/vm-username/versions/309ae1f381d94a8b8996470b8decfe7e",
            "resource_versionless_id": "/subscriptions/8888575e-1be3-4d16-8500-ee8a4a1b570c/resourceGroups/todo_app_rg/providers/Microsoft.KeyVault/vaults/todoappKV/secrets/vm-username",
            "tags": {},
            "timeouts": null,
            "value": "dummyuser",
            "version": "309ae1f381d94a8b8996470b8decfe7e",
            "versionless_id": "https://todoappkv.vault.azure.net/secrets/vm-username"
          },
          "sensitive_attributes": [
            [
              {
                "type": "get_attr",
                "value": "value"
              }
            ]
          ]
        }
      ]
    },
    {
      "module": "module.frontend_vm",
      "mode": "data",
      "type": "azurerm_public_ip",
      "name": "pip",
      "provider": "provider[\"registry.terraform.io/hashicorp/azurerm\"]",
      "instances": [
        {
          "schema_version": 0,
          "attributes": {
            "allocation_method": "Static",
            "ddos_protection_mode": "VirtualNetworkInherited",
            "ddos_protection_plan_id": null,
            "domain_name_label": "",
            "fqdn": "",
            "id": "/subscriptions/8888575e-1be3-4d16-8500-ee8a4a1b570c/resourceGroups/todo_app_rg/providers/Microsoft.Network/publicIPAddresses/frontend_pip",
            "idle_timeout_in_minutes": 4,
            "ip_address": "104.42.4.16",
            "ip_tags": {},
            "ip_version": "IPv4",
            "location": "westus",
            "name": "frontend_pip",
            "resource_group_name": "todo_app_rg",
            "reverse_fqdn": "",
            "sku": "Basic",
            "tags": {},
            "timeouts": null,
            "zones": []
          },
          "sensitive_attributes": []
        }
      ]
    },
    {
      "module": "module.frontend_vm",
      "mode": "data",
      "type": "azurerm_subnet",
      "name": "subnet",
      "provider": "provider[\"registry.terraform.io/hashicorp/azurerm\"]",
      "instances": [
        {
          "schema_version": 0,
          "attributes": {
            "address_prefix": "10.0.1.0/24",
            "address_prefixes": [
              "10.0.1.0/24"
            ],
            "default_outbound_access_enabled": true,
            "id": "/subscriptions/8888575e-1be3-4d16-8500-ee8a4a1b570c/resourceGroups/todo_app_rg/providers/Microsoft.Network/virtualNetworks/todoapp_vnet/subnets/frontend-subnet",
            "name": "frontend-subnet",
            "network_security_group_id": "",
            "private_endpoint_network_policies": "Disabled",
            "private_link_service_network_policies_enabled": true,
            "resource_group_name": "todo_app_rg",
            "route_table_id": "",
            "service_endpoints": [],
            "timeouts": null,
            "virtual_network_name": "todoapp_vnet"
          },
          "sensitive_attributes": []
        }
      ]
    },
    {
      "module": "module.frontend_vm",
      "mode": "managed",
      "type": "azurerm_linux_virtual_machine",
      "name": "VM",
      "provider": "provider[\"registry.terraform.io/hashicorp/azurerm\"]",
      "instances": [
        {
          "schema_version": 0,
          "attributes": {
            "additional_capabilities": [],
            "admin_password": "Dummy@12345",
            "admin_ssh_key": [],
            "admin_username": "dummyuser",
            "allow_extension_operations": true,
            "availability_set_id": "",
            "boot_diagnostics": [],
            "bypass_platform_safety_checks_on_user_schedule_enabled": false,
            "capacity_reservation_group_id": "",
            "computer_name": "todoFrontendVM",
            "custom_data": null,
            "dedicated_host_group_id": "",
            "dedicated_host_id": "",
            "disable_password_authentication": false,
            "disk_controller_type": "",
            "edge_zone": "",
            "encryption_at_host_enabled": false,
            "eviction_policy": "",
            "extensions_time_budget": "PT1H30M",
            "gallery_application": [],
            "id": "/subscriptions/8888575e-1be3-4d16-8500-ee8a4a1b570c/resourceGroups/todo_app_rg/providers/Microsoft.Compute/virtualMachines/todoFrontendVM",
            "identity": [],
            "license_type": "",
            "location": "westus",
            "max_bid_price": -1,
            "name": "todoFrontendVM",
            "network_interface_ids": [
              "/subscriptions/8888575e-1be3-4d16-8500-ee8a4a1b570c/resourceGroups/todo_app_rg/providers/Microsoft.Network/networkInterfaces/frontend_nic"
            ],
            "os_disk": [
              {
                "caching": "ReadWrite",
                "diff_disk_settings": [],
                "disk_encryption_set_id": "",
                "disk_size_gb": 30,
                "id": "/subscriptions/8888575e-1be3-4d16-8500-ee8a4a1b570c/resourceGroups/todo_app_rg/providers/Microsoft.Compute/disks/todoFrontendVM_OsDisk_1_a09c797a587b4f778ff6a6801f6feaf8",
                "name": "todoFrontendVM_OsDisk_1_a09c797a587b4f778ff6a6801f6feaf8",
                "secure_vm_disk_encryption_set_id": "",
                "security_encryption_type": "",
                "storage_account_type": "Standard_LRS",
                "write_accelerator_enabled": false
              }
            ],
            "os_image_notification": [],
            "patch_assessment_mode": "ImageDefault",
            "patch_mode": "ImageDefault",
            "plan": [],
            "platform_fault_domain": -1,
            "priority": "Regular",
            "private_ip_address": "10.0.1.4",
            "private_ip_addresses": [
              "10.0.1.4"
            ],
            "provision_vm_agent": true,
            "proximity_placement_group_id": "",
            "public_ip_address": "104.42.4.16",
            "public_ip_addresses": [
              "104.42.4.16"
            ],
            "reboot_setting": "",
            "resource_group_name": "todo_app_rg",
            "secret": [],
            "secure_boot_enabled": false,
            "size": "Standard_F2",
            "source_image_id": "",
            "source_image_reference": [
              {
                "offer": "ubuntu-24_04-lts",
                "publisher": "Canonical",
                "sku": "ubuntu-pro-gen1",
                "version": "latest"
              }
            ],
            "tags": null,
            "termination_notification": null,
            "timeouts": null,
            "user_data": "",
            "virtual_machine_id": "149efde9-3b17-454d-a701-045c05c7d5f6",
            "virtual_machine_scale_set_id": "",
            "vm_agent_platform_updates_enabled": false,
            "vtpm_enabled": false,
            "zone": ""
          },
          "sensitive_attributes": [
            [
              {
                "type": "get_attr",
                "value": "custom_data"
              }
            ],
            [
              {
                "type": "get_attr",
                "value": "admin_username"
              }
            ],
            [
              {
                "type": "get_attr",
                "value": "admin_password"
              }
            ]
          ],
          "private": "eyJlMmJmYjczMC1lY2FhLTExZTYtOGY4OC0zNDM2M2JjN2M0YzAiOnsiY3JlYXRlIjoyNzAwMDAwMDAwMDAwLCJkZWxldGUiOjI3MDAwMDAwMDAwMDAsInJlYWQiOjMwMDAwMDAwMDAwMCwidXBkYXRlIjoyNzAwMDAwMDAwMDAwfX0=",
          "dependencies": [
            "module.azurerm_frontend_subnet.azurerm_subnet.subnet",
            "module.azurerm_resource_group.azurerm_resource_group.RG",
            "module.azurerm_virtual_network.azurerm_virtual_network.VNet",
            "module.frontend_public_ip.azurerm_public_ip.pip",
            "module.frontend_vm.azurerm_network_interface.nic",
            "module.frontend_vm.data.azurerm_key_vault.kv",
            "module.frontend_vm.data.azurerm_key_vault_secret.secret_password",
            "module.frontend_vm.data.azurerm_key_vault_secret.secret_username",
            "module.frontend_vm.data.azurerm_public_ip.pip",
            "module.frontend_vm.data.azurerm_subnet.subnet",
            "module.key_vault.azurerm_key_vault.kv",
            "module.key_vault.data.azurerm_client_config.current",
            "module.vm_password_secret.azurerm_key_vault_secret.secret",
            "module.vm_password_secret.data.azurerm_key_vault.kv",
            "module.vm_username_secret.azurerm_key_vault_secret.secret",
            "module.vm_username_secret.data.azurerm_key_vault.kv"
          ]
        }
      ]
    },
    {
      "module": "module.frontend_vm",
      "mode": "managed",
      "type": "azurerm_network_interface",
      "name": "nic",
      "provider": "provider[\"registry.terraform.io/hashicorp/azurerm\"]",
      "instances": [
        {
          "schema_version": 0,
          "attributes": {
            "accelerated_networking_enabled": false,
            "applied_dns_servers": [],
            "auxiliary_mode": "",
            "auxiliary_sku": "",
            "dns_servers": null,
            "edge_zone": "",
            "id": "/subscriptions/8888575e-1be3-4d16-8500-ee8a4a1b570c/resourceGroups/todo_app_rg/providers/Microsoft.Network/networkInterfaces/frontend_nic",
            "internal_dns_name_label": "",
            "internal_domain_name_suffix": "nb3pc2j0nriu1i12wte4fa1hif.dx.internal.cloudapp.net",
            "ip_configuration": [
              {
                "gateway_load_balancer_frontend_ip_configuration_id": "",
                "name": "frontend_ip",
                "primary": true,
                "private_ip_address": "10.0.1.4",
                "private_ip_address_allocation": "Dynamic",
                "private_ip_address_version": "IPv4",
                "public_ip_address_id": "/subscriptions/8888575e-1be3-4d16-8500-ee8a4a1b570c/resourceGroups/todo_app_rg/providers/Microsoft.Network/publicIPAddresses/frontend_pip",
                "subnet_id": "/subscriptions/8888575e-1be3-4d16-8500-ee8a4a1b570c/resourceGroups/todo_app_rg/providers/Microsoft.Network/virtualNetworks/todoapp_vnet/subnets/frontend-subnet"
              }
            ],
            "ip_forwarding_enabled": false,
            "location": "westus",
            "mac_address": "",
            "name": "frontend_nic",
            "private_ip_address": "10.0.1.4",
            "private_ip_addresses": [
              "10.0.1.4"
            ],
            "resource_group_name": "todo_app_rg",
            "tags": null,
            "timeouts": null,
            "virtual_machine_id": ""
          },
          "sensitive_attributes": [],
          "private": "eyJlMmJmYjczMC1lY2FhLTExZTYtOGY4OC0zNDM2M2JjN2M0YzAiOnsiY3JlYXRlIjoxODAwMDAwMDAwMDAwLCJkZWxldGUiOjE4MDAwMDAwMDAwMDAsInJlYWQiOjMwMDAwMDAwMDAwMCwidXBkYXRlIjoxODAwMDAwMDAwMDAwfX0=",
          "dependencies": [
            "module.azurerm_frontend_subnet.azurerm_subnet.subnet",
            "module.azurerm_resource_group.azurerm_resource_group.RG",
            "module.azurerm_virtual_network.azurerm_virtual_network.VNet",
            "module.frontend_public_ip.azurerm_public_ip.pip",
            "module.frontend_vm.data.azurerm_public_ip.pip",
            "module.frontend_vm.data.azurerm_subnet.subnet",
            "module.key_vault.azurerm_key_vault.kv",
            "module.key_vault.data.azurerm_client_config.current",
            "module.vm_password_secret.azurerm_key_vault_secret.secret",
            "module.vm_password_secret.data.azurerm_key_vault.kv",
            "module.vm_username_secret.azurerm_key_vault_secret.secret",
            "module.vm_username_secret.data.azurerm_key_vault.kv"
          ]
        }
      ]
    },
    {
      "module": "module.key_vault",
      "mode": "data",
      "type": "azurerm_client_config",
      "name": "current",
      "provider": "provider[\"registry.terraform.io/hashicorp/azurerm\"]",
      "instances": [
        {
          "schema_version": 0,
          "attributes": {
            "client_id": "04b07795-8ddb-461a-bbee-02f9e1bf7b46",
            "id": "Y2xpZW50Q29uZmlncy9jbGllbnRJZD0wNGIwNzc5NS04ZGRiLTQ2MWEtYmJlZS0wMmY5ZTFiZjdiNDY7b2JqZWN0SWQ9ZWFlMGMzNGYtZmI0MC00NDA1LWI3ZWQtZmRjZmMzYTk4NDNiO3N1YnNjcmlwdGlvbklkPTg4ODg1NzVlLTFiZTMtNGQxNi04NTAwLWVlOGE0YTFiNTcwYzt0ZW5hbnRJZD0yMDAxNDEwZi1mYjE2LTQyZGUtOTZjZC05YWQyNGI2YzYxM2U=",
            "object_id": "eae0c34f-fb40-4405-b7ed-fdcfc3a9843b",
            "subscription_id": "8888575e-1be3-4d16-8500-ee8a4a1b570c",
            "tenant_id": "2001410f-fb16-42de-96cd-9ad24b6c613e",
            "timeouts": null
          },
          "sensitive_attributes": []
        }
      ]
    },
    {
      "module": "module.key_vault",
      "mode": "managed",
      "type": "azurerm_key_vault",
      "name": "kv",
      "provider": "provider[\"registry.terraform.io/hashicorp/azurerm\"]",
      "instances": [
        {
          "schema_version": 2,
          "attributes": {
            "access_policy": [
              {
                "application_id": "",
                "certificate_permissions": null,
                "key_permissions": [
                  "Get"
                ],
                "object_id": "eae0c34f-fb40-4405-b7ed-fdcfc3a9843b",
                "secret_permissions": [
                  "Get",
                  "Set",
                  "Delete",
                  "Purge"
                ],
                "storage_permissions": [
                  "Get"
                ],
                "tenant_id": "2001410f-fb16-42de-96cd-9ad24b6c613e"
              }
            ],
            "contact": [],
            "enable_rbac_authorization": false,
            "enabled_for_deployment": false,
            "enabled_for_disk_encryption": true,
            "enabled_for_template_deployment": false,
            "id": "/subscriptions/8888575e-1be3-4d16-8500-ee8a4a1b570c/resourceGroups/todo_app_rg/providers/Microsoft.KeyVault/vaults/todoappKV",
            "location": "westus",
            "name": "todoappKV",
            "network_acls": [
              {
                "bypass": "AzureServices",
                "default_action": "Allow",
                "ip_rules": [],
                "virtual_network_subnet_ids": []
              }
            ],
            "public_network_access_enabled": true,
            "purge_protection_enabled": false,
            "resource_group_name": "todo_app_rg",
            "sku_name": "standard",
            "soft_delete_retention_days": 7,
            "tags": null,
            "tenant_id": "2001410f-fb16-42de-96cd-9ad24b6c613e",
            "timeouts": null,
            "vault_uri": "https://todoappkv.vault.azure.net/"
          },
          "sensitive_attributes": [],
          "private": "eyJlMmJmYjczMC1lY2FhLTExZTYtOGY4OC0zNDM2M2JjN2M0YzAiOnsiY3JlYXRlIjoxODAwMDAwMDAwMDAwLCJkZWxldGUiOjE4MDAwMDAwMDAwMDAsInJlYWQiOjMwMDAwMDAwMDAwMCwidXBkYXRlIjoxODAwMDAwMDAwMDAwfSwic2NoZW1hX3ZlcnNpb24iOiIyIn0=",
          "dependencies": [
            "module.azurerm_resource_group.azurerm_resource_group.RG",
            "module.key_vault.data.azurerm_client_config.current"
          ]
        }
      ]
    },
    {
      "module": "module.sql_database",
      "mode": "data",
      "type": "azurerm_mssql_server",
      "name": "sql_server",
      "provider": "provider[\"registry.terraform.io/hashicorp/azurerm\"]",
      "instances": [
        {
          "schema_version": 0,
          "attributes": {
            "administrator_login": "dummyuser",
            "express_vulnerability_assessment_enabled": false,
            "fully_qualified_domain_name": "todosqlserver111.database.windows.net",
            "id": "/subscriptions/8888575e-1be3-4d16-8500-ee8a4a1b570c/resourceGroups/todo_app_rg/providers/Microsoft.Sql/servers/todosqlserver111",
            "identity": [],
            "location": "westus",
            "name": "todosqlserver111",
            "resource_group_name": "todo_app_rg",
            "restorable_dropped_database_ids": [],
            "tags": {},
            "timeouts": null,
            "transparent_data_encryption_key_vault_key_id": "",
            "version": "12.0"
          },
          "sensitive_attributes": []
        }
      ]
    },
    {
      "module": "module.sql_database",
      "mode": "managed",
      "type": "azurerm_mssql_database",
      "name": "sql_database",
      "provider": "provider[\"registry.terraform.io/hashicorp/azurerm\"]",
      "instances": [
        {
          "schema_version": 1,
          "attributes": {
            "auto_pause_delay_in_minutes": 0,
            "collation": "SQL_Latin1_General_CP1_CI_AS",
            "create_mode": "Default",
            "creation_source_database_id": null,
            "elastic_pool_id": "",
            "enclave_type": "VBS",
            "geo_backup_enabled": true,
            "id": "/subscriptions/8888575e-1be3-4d16-8500-ee8a4a1b570c/resourceGroups/todo_app_rg/providers/Microsoft.Sql/servers/todosqlserver111/databases/todoappdb",
            "identity": [],
            "import": [],
            "ledger_enabled": false,
            "license_type": "LicenseIncluded",
            "long_term_retention_policy": [
              {
                "immutable_backups_enabled": false,
                "monthly_retention": "PT0S",
                "week_of_year": 1,
                "weekly_retention": "PT0S",
                "yearly_retention": "PT0S"
              }
            ],
            "maintenance_configuration_name": "SQL_Default",
            "max_size_gb": 2,
            "min_capacity": 0,
            "name": "todoappdb",
            "read_replica_count": 0,
            "read_scale": false,
            "recover_database_id": null,
            "recovery_point_id": null,
            "restore_dropped_database_id": null,
            "restore_long_term_retention_backup_id": null,
            "restore_point_in_time": null,
            "sample_name": null,
            "secondary_type": "",
            "server_id": "/subscriptions/8888575e-1be3-4d16-8500-ee8a4a1b570c/resourceGroups/todo_app_rg/providers/Microsoft.Sql/servers/todosqlserver111",
            "short_term_retention_policy": [
              {
                "backup_interval_in_hours": 24,
                "retention_days": 7
              }
            ],
            "sku_name": "S0",
            "storage_account_type": "Geo",
            "tags": null,
            "threat_detection_policy": [
              {
                "disabled_alerts": [],
                "email_account_admins": "Disabled",
                "email_addresses": [],
                "retention_days": 0,
                "state": "Disabled",
                "storage_account_access_key": "",
                "storage_endpoint": ""
              }
            ],
            "timeouts": null,
            "transparent_data_encryption_enabled": true,
            "transparent_data_encryption_key_automatic_rotation_enabled": false,
            "transparent_data_encryption_key_vault_key_id": "",
            "zone_redundant": false
          },
          "sensitive_attributes": [
            [
              {
                "type": "get_attr",
                "value": "threat_detection_policy"
              },
              {
                "type": "index",
                "value": {
                  "value": 0,
                  "type": "number"
                }
              },
              {
                "type": "get_attr",
                "value": "storage_account_access_key"
              }
            ]
          ],
          "private": "eyJlMmJmYjczMC1lY2FhLTExZTYtOGY4OC0zNDM2M2JjN2M0YzAiOnsiY3JlYXRlIjozNjAwMDAwMDAwMDAwLCJkZWxldGUiOjM2MDAwMDAwMDAwMDAsInJlYWQiOjMwMDAwMDAwMDAwMCwidXBkYXRlIjozNjAwMDAwMDAwMDAwfSwic2NoZW1hX3ZlcnNpb24iOiIxIn0=",
          "dependencies": [
            "module.azurerm_resource_group.azurerm_resource_group.RG",
            "module.key_vault.azurerm_key_vault.kv",
            "module.key_vault.data.azurerm_client_config.current",
            "module.sql_database.data.azurerm_mssql_server.sql_server",
            "module.sql_server.azurerm_mssql_server.example",
            "module.sql_server.data.azurerm_key_vault.kv",
            "module.sql_server.data.azurerm_key_vault_secret.secret_password",
            "module.sql_server.data.azurerm_key_vault_secret.secret_username",
            "module.vm_password_secret.azurerm_key_vault_secret.secret",
            "module.vm_password_secret.data.azurerm_key_vault.kv",
            "module.vm_username_secret.azurerm_key_vault_secret.secret",
            "module.vm_username_secret.data.azurerm_key_vault.kv"
          ]
        }
      ]
    },
    {
      "module": "module.sql_server",
      "mode": "data",
      "type": "azurerm_key_vault",
      "name": "kv",
      "provider": "provider[\"registry.terraform.io/hashicorp/azurerm\"]",
      "instances": [
        {
          "schema_version": 0,
          "attributes": {
            "access_policy": [
              {
                "application_id": "",
                "certificate_permissions": [],
                "key_permissions": [
                  "Get"
                ],
                "object_id": "eae0c34f-fb40-4405-b7ed-fdcfc3a9843b",
                "secret_permissions": [
                  "Get",
                  "Set",
                  "Delete",
                  "Purge"
                ],
                "storage_permissions": [
                  "Get"
                ],
                "tenant_id": "2001410f-fb16-42de-96cd-9ad24b6c613e"
              }
            ],
            "enable_rbac_authorization": false,
            "enabled_for_deployment": false,
            "enabled_for_disk_encryption": true,
            "enabled_for_template_deployment": false,
            "id": "/subscriptions/8888575e-1be3-4d16-8500-ee8a4a1b570c/resourceGroups/todo_app_rg/providers/Microsoft.KeyVault/vaults/todoappKV",
            "location": "westus",
            "name": "todoappKV",
            "network_acls": [],
            "public_network_access_enabled": true,
            "purge_protection_enabled": false,
            "resource_group_name": "todo_app_rg",
            "sku_name": "standard",
            "tags": {},
            "tenant_id": "2001410f-fb16-42de-96cd-9ad24b6c613e",
            "timeouts": null,
            "vault_uri": "https://todoappkv.vault.azure.net/"
          },
          "sensitive_attributes": []
        }
      ]
    },
    {
      "module": "module.sql_server",
      "mode": "data",
      "type": "azurerm_key_vault_secret",
      "name": "secret_password",
      "provider": "provider[\"registry.terraform.io/hashicorp/azurerm\"]",
      "instances": [
        {
          "schema_version": 0,
          "attributes": {
            "content_type": "",
            "expiration_date": null,
            "id": "https://todoappkv.vault.azure.net/secrets/vm-password/e4db3b2b52f34e39b5729d7fa44446ab",
            "key_vault_id": "/subscriptions/8888575e-1be3-4d16-8500-ee8a4a1b570c/resourceGroups/todo_app_rg/providers/Microsoft.KeyVault/vaults/todoappKV",
            "name": "vm-password",
            "not_before_date": null,
            "resource_id": "/subscriptions/8888575e-1be3-4d16-8500-ee8a4a1b570c/resourceGroups/todo_app_rg/providers/Microsoft.KeyVault/vaults/todoappKV/secrets/vm-password/versions/e4db3b2b52f34e39b5729d7fa44446ab",
            "resource_versionless_id": "/subscriptions/8888575e-1be3-4d16-8500-ee8a4a1b570c/resourceGroups/todo_app_rg/providers/Microsoft.KeyVault/vaults/todoappKV/secrets/vm-password",
            "tags": {},
            "timeouts": null,
            "value": "Dummy@12345",
            "version": "e4db3b2b52f34e39b5729d7fa44446ab",
            "versionless_id": "https://todoappkv.vault.azure.net/secrets/vm-password"
          },
          "sensitive_attributes": [
            [
              {
                "type": "get_attr",
                "value": "value"
              }
            ]
          ]
        }
      ]
    },
    {
      "module": "module.sql_server",
      "mode": "data",
      "type": "azurerm_key_vault_secret",
      "name": "secret_username",
      "provider": "provider[\"registry.terraform.io/hashicorp/azurerm\"]",
      "instances": [
        {
          "schema_version": 0,
          "attributes": {
            "content_type": "",
            "expiration_date": null,
            "id": "https://todoappkv.vault.azure.net/secrets/vm-username/309ae1f381d94a8b8996470b8decfe7e",
            "key_vault_id": "/subscriptions/8888575e-1be3-4d16-8500-ee8a4a1b570c/resourceGroups/todo_app_rg/providers/Microsoft.KeyVault/vaults/todoappKV",
            "name": "vm-username",
            "not_before_date": null,
            "resource_id": "/subscriptions/8888575e-1be3-4d16-8500-ee8a4a1b570c/resourceGroups/todo_app_rg/providers/Microsoft.KeyVault/vaults/todoappKV/secrets/vm-username/versions/309ae1f381d94a8b8996470b8decfe7e",
            "resource_versionless_id": "/subscriptions/8888575e-1be3-4d16-8500-ee8a4a1b570c/resourceGroups/todo_app_rg/providers/Microsoft.KeyVault/vaults/todoappKV/secrets/vm-username",
            "tags": {},
            "timeouts": null,
            "value": "dummyuser",
            "version": "309ae1f381d94a8b8996470b8decfe7e",
            "versionless_id": "https://todoappkv.vault.azure.net/secrets/vm-username"
          },
          "sensitive_attributes": [
            [
              {
                "type": "get_attr",
                "value": "value"
              }
            ]
          ]
        }
      ]
    },
    {
      "module": "module.sql_server",
      "mode": "managed",
      "type": "azurerm_mssql_server",
      "name": "example",
      "provider": "provider[\"registry.terraform.io/hashicorp/azurerm\"]",
      "instances": [
        {
          "schema_version": 0,
          "attributes": {
            "administrator_login": "dummyuser",
            "administrator_login_password": "Dummy@12345",
            "administrator_login_password_wo": null,
            "administrator_login_password_wo_version": 0,
            "azuread_administrator": [],
            "connection_policy": "Default",
            "express_vulnerability_assessment_enabled": false,
            "fully_qualified_domain_name": "todosqlserver111.database.windows.net",
            "id": "/subscriptions/8888575e-1be3-4d16-8500-ee8a4a1b570c/resourceGroups/todo_app_rg/providers/Microsoft.Sql/servers/todosqlserver111",
            "identity": [],
            "location": "westus",
            "minimum_tls_version": "1.2",
            "name": "todosqlserver111",
            "outbound_network_restriction_enabled": false,
            "primary_user_assigned_identity_id": "",
            "public_network_access_enabled": true,
            "resource_group_name": "todo_app_rg",
            "restorable_dropped_database_ids": [],
            "tags": null,
            "timeouts": null,
            "transparent_data_encryption_key_vault_key_id": "",
            "version": "12.0"
          },
          "sensitive_attributes": [
            [
              {
                "type": "get_attr",
                "value": "administrator_login_password_wo"
              }
            ],
            [
              {
                "type": "get_attr",
                "value": "administrator_login_password"
              }
            ],
            [
              {
                "type": "get_attr",
                "value": "administrator_login"
              }
            ]
          ],
          "private": "eyJlMmJmYjczMC1lY2FhLTExZTYtOGY4OC0zNDM2M2JjN2M0YzAiOnsiY3JlYXRlIjozNjAwMDAwMDAwMDAwLCJkZWxldGUiOjM2MDAwMDAwMDAwMDAsInJlYWQiOjMwMDAwMDAwMDAwMCwidXBkYXRlIjozNjAwMDAwMDAwMDAwfX0=",
          "dependencies": [
            "module.azurerm_resource_group.azurerm_resource_group.RG",
            "module.key_vault.azurerm_key_vault.kv",
            "module.key_vault.data.azurerm_client_config.current",
            "module.sql_server.data.azurerm_key_vault.kv",
            "module.sql_server.data.azurerm_key_vault_secret.secret_password",
            "module.sql_server.data.azurerm_key_vault_secret.secret_username",
            "module.vm_password_secret.azurerm_key_vault_secret.secret",
            "module.vm_password_secret.data.azurerm_key_vault.kv",
            "module.vm_username_secret.azurerm_key_vault_secret.secret",
            "module.vm_username_secret.data.azurerm_key_vault.kv"
          ]
        }
      ]
    },
    {
      "module": "module.vm_password_secret",
      "mode": "data",
      "type": "azurerm_key_vault",
      "name": "kv",
      "provider": "provider[\"registry.terraform.io/hashicorp/azurerm\"]",
      "instances": [
        {
          "schema_version": 0,
          "attributes": {
            "access_policy": [
              {
                "application_id": "",
                "certificate_permissions": [],
                "key_permissions": [
                  "Get"
                ],
                "object_id": "eae0c34f-fb40-4405-b7ed-fdcfc3a9843b",
                "secret_permissions": [
                  "Get",
                  "Set",
                  "Delete",
                  "Purge"
                ],
                "storage_permissions": [
                  "Get"
                ],
                "tenant_id": "2001410f-fb16-42de-96cd-9ad24b6c613e"
              }
            ],
            "enable_rbac_authorization": false,
            "enabled_for_deployment": false,
            "enabled_for_disk_encryption": true,
            "enabled_for_template_deployment": false,
            "id": "/subscriptions/8888575e-1be3-4d16-8500-ee8a4a1b570c/resourceGroups/todo_app_rg/providers/Microsoft.KeyVault/vaults/todoappKV",
            "location": "westus",
            "name": "todoappKV",
            "network_acls": [],
            "public_network_access_enabled": true,
            "purge_protection_enabled": false,
            "resource_group_name": "todo_app_rg",
            "sku_name": "standard",
            "tags": {},
            "tenant_id": "2001410f-fb16-42de-96cd-9ad24b6c613e",
            "timeouts": null,
            "vault_uri": "https://todoappkv.vault.azure.net/"
          },
          "sensitive_attributes": []
        }
      ]
    },
    {
      "module": "module.vm_password_secret",
      "mode": "managed",
      "type": "azurerm_key_vault_secret",
      "name": "secret",
      "provider": "provider[\"registry.terraform.io/hashicorp/azurerm\"]",
      "instances": [
        {
          "schema_version": 0,
          "attributes": {
            "content_type": "",
            "expiration_date": null,
            "id": "https://todoappkv.vault.azure.net/secrets/vm-password/e4db3b2b52f34e39b5729d7fa44446ab",
            "key_vault_id": "/subscriptions/8888575e-1be3-4d16-8500-ee8a4a1b570c/resourceGroups/todo_app_rg/providers/Microsoft.KeyVault/vaults/todoappKV",
            "name": "vm-password",
            "not_before_date": null,
            "resource_id": "/subscriptions/8888575e-1be3-4d16-8500-ee8a4a1b570c/resourceGroups/todo_app_rg/providers/Microsoft.KeyVault/vaults/todoappKV/secrets/vm-password/versions/e4db3b2b52f34e39b5729d7fa44446ab",
            "resource_versionless_id": "/subscriptions/8888575e-1be3-4d16-8500-ee8a4a1b570c/resourceGroups/todo_app_rg/providers/Microsoft.KeyVault/vaults/todoappKV/secrets/vm-password",
            "tags": null,
            "timeouts": null,
            "value": "Dummy@12345",
            "value_wo": null,
            "value_wo_version": 0,
            "version": "e4db3b2b52f34e39b5729d7fa44446ab",
            "versionless_id": "https://todoappkv.vault.azure.net/secrets/vm-password"
          },
          "sensitive_attributes": [
            [
              {
                "type": "get_attr",
                "value": "value"
              }
            ]
          ],
          "private": "eyJlMmJmYjczMC1lY2FhLTExZTYtOGY4OC0zNDM2M2JjN2M0YzAiOnsiY3JlYXRlIjoxODAwMDAwMDAwMDAwLCJkZWxldGUiOjE4MDAwMDAwMDAwMDAsInJlYWQiOjE4MDAwMDAwMDAwMDAsInVwZGF0ZSI6MTgwMDAwMDAwMDAwMH19",
          "dependencies": [
            "module.azurerm_resource_group.azurerm_resource_group.RG",
            "module.key_vault.azurerm_key_vault.kv",
            "module.key_vault.data.azurerm_client_config.current",
            "module.vm_password_secret.data.azurerm_key_vault.kv",
            "module.vm_username_secret.azurerm_key_vault_secret.secret",
            "module.vm_username_secret.data.azurerm_key_vault.kv"
          ]
        }
      ]
    },
    {
      "module": "module.vm_username_secret",
      "mode": "data",
      "type": "azurerm_key_vault",
      "name": "kv",
      "provider": "provider[\"registry.terraform.io/hashicorp/azurerm\"]",
      "instances": [
        {
          "schema_version": 0,
          "attributes": {
            "access_policy": [
              {
                "application_id": "",
                "certificate_permissions": [],
                "key_permissions": [
                  "Get"
                ],
                "object_id": "eae0c34f-fb40-4405-b7ed-fdcfc3a9843b",
                "secret_permissions": [
                  "Get",
                  "Set",
                  "Delete",
                  "Purge"
                ],
                "storage_permissions": [
                  "Get"
                ],
                "tenant_id": "2001410f-fb16-42de-96cd-9ad24b6c613e"
              }
            ],
            "enable_rbac_authorization": false,
            "enabled_for_deployment": false,
            "enabled_for_disk_encryption": true,
            "enabled_for_template_deployment": false,
            "id": "/subscriptions/8888575e-1be3-4d16-8500-ee8a4a1b570c/resourceGroups/todo_app_rg/providers/Microsoft.KeyVault/vaults/todoappKV",
            "location": "westus",
            "name": "todoappKV",
            "network_acls": [],
            "public_network_access_enabled": true,
            "purge_protection_enabled": false,
            "resource_group_name": "todo_app_rg",
            "sku_name": "standard",
            "tags": {},
            "tenant_id": "2001410f-fb16-42de-96cd-9ad24b6c613e",
            "timeouts": null,
            "vault_uri": "https://todoappkv.vault.azure.net/"
          },
          "sensitive_attributes": []
        }
      ]
    },
    {
      "module": "module.vm_username_secret",
      "mode": "managed",
      "type": "azurerm_key_vault_secret",
      "name": "secret",
      "provider": "provider[\"registry.terraform.io/hashicorp/azurerm\"]",
      "instances": [
        {
          "schema_version": 0,
          "attributes": {
            "content_type": "",
            "expiration_date": null,
            "id": "https://todoappkv.vault.azure.net/secrets/vm-username/309ae1f381d94a8b8996470b8decfe7e",
            "key_vault_id": "/subscriptions/8888575e-1be3-4d16-8500-ee8a4a1b570c/resourceGroups/todo_app_rg/providers/Microsoft.KeyVault/vaults/todoappKV",
            "name": "vm-username",
            "not_before_date": null,
            "resource_id": "/subscriptions/8888575e-1be3-4d16-8500-ee8a4a1b570c/resourceGroups/todo_app_rg/providers/Microsoft.KeyVault/vaults/todoappKV/secrets/vm-username/versions/309ae1f381d94a8b8996470b8decfe7e",
            "resource_versionless_id": "/subscriptions/8888575e-1be3-4d16-8500-ee8a4a1b570c/resourceGroups/todo_app_rg/providers/Microsoft.KeyVault/vaults/todoappKV/secrets/vm-username",
            "tags": null,
            "timeouts": null,
            "value": "dummyuser",
            "value_wo": null,
            "value_wo_version": 0,
            "version": "309ae1f381d94a8b8996470b8decfe7e",
            "versionless_id": "https://todoappkv.vault.azure.net/secrets/vm-username"
          },
          "sensitive_attributes": [
            [
              {
                "type": "get_attr",
                "value": "value"
              }
            ]
          ],
          "private": "eyJlMmJmYjczMC1lY2FhLTExZTYtOGY4OC0zNDM2M2JjN2M0YzAiOnsiY3JlYXRlIjoxODAwMDAwMDAwMDAwLCJkZWxldGUiOjE4MDAwMDAwMDAwMDAsInJlYWQiOjE4MDAwMDAwMDAwMDAsInVwZGF0ZSI6MTgwMDAwMDAwMDAwMH19",
          "dependencies": [
            "module.azurerm_resource_group.azurerm_resource_group.RG",
            "module.key_vault.azurerm_key_vault.kv",
            "module.key_vault.data.azurerm_client_config.current",
            "module.vm_username_secret.data.azurerm_key_vault.kv"
          ]
        }
      ]
    }
  ],
  "check_results": null
}
